
Microsoft Visual Studio Solution File, Format Version 12.00
# Visual Studio 15
VisualStudioVersion = 15.0.26403.7
MinimumVisualStudioVersion = 10.0.40219.1
Project("{FAE04EC0-301F-11D3-BF4B-00C04F79EFBC}") = "Hrm.App", "Hrm.App.csproj", "{7EF3DB40-0C98-4665-8E00-9A1AC9701F15}"
EndProject
Project("{FAE04EC0-301F-11D3-BF4B-00C04F79EFBC}") = "Hrm.DataAccess", "..\Hrm.DataAccess\Hrm.DataAccess.csproj", "{08E0EC3E-C290-4BF3-9EA1-66A09DBBD5FE}"
EndProject
Global
	GlobalSection(SolutionConfigurationPlatforms) = preSolution
		Debug|Any CPU = Debug|Any CPU
		Release|Any CPU = Release|Any CPU
	EndGlobalSection
	GlobalSection(ProjectConfigurationPlatforms) = postSolution
		{7EF3DB40-0C98-4665-8E00-9A1AC9701F15}.Debug|Any CPU.ActiveCfg = Debug|Any CPU
		{7EF3DB40-0C98-4665-8E00-9A1AC9701F15}.Debug|Any CPU.Build.0 = Debug|Any CPU
		{7EF3DB40-0C98-4665-8E00-9A1AC9701F15}.Release|Any CPU.ActiveCfg = Release|Any CPU
		{7EF3DB40-0C98-4665-8E00-9A1AC9701F15}.Release|Any CPU.Build.0 = Release|Any CPU
		{08E0EC3E-C290-4BF3-9EA1-66A09DBBD5FE}.Debug|Any CPU.ActiveCfg = Debug|Any CPU
		{08E0EC3E-C290-4BF3-9EA1-66A09DBBD5FE}.Debug|Any CPU.Build.0 = Debug|Any CPU
		{08E0EC3E-C290-4BF3-9EA1-66A09DBBD5FE}.Release|Any CPU.ActiveCfg = Release|Any CPU
		{08E0EC3E-C290-4BF3-9EA1-66A09DBBD5FE}.Release|Any CPU.Build.0 = Release|Any CPU
	EndGlobalSection
	GlobalSection(SolutionProperties) = preSolution
		HideSolutionNode = FALSE
	EndGlobalSection
	GlobalSection(ExtensibilityGlobals) = postSolution
		SolutionGuid = {96748E1E-BBEA-408D-BE14-B5967F1B41D7}
	EndGlobalSection
EndGlobal
