
Microsoft Visual Studio Solution File, Format Version 12.00
# Visual Studio 15
VisualStudioVersion = 15.0.27428.2037
MinimumVisualStudioVersion = 10.0.40219.1
Project("{FAE04EC0-301F-11D3-BF4B-00C04F79EFBC}") = "CalculaterScienceApp", "CalculaterScienceApp\CalculaterScienceApp.csproj", "{EB7D1188-FE5B-4E02-8E75-226A47A92471}"
EndProject
Project("{9A19103F-16F7-4668-BE54-9A1E7A4F7556}") = "HelloWorld", "HelloWorld\HelloWorld.csproj", "{437511EE-EFA7-4CE5-B415-3B408F38E041}"
EndProject
Project("{FAE04EC0-301F-11D3-BF4B-00C04F79EFBC}") = "ExampleToolbarAndStatusBar", "ExampleToolbarAndStatusBar\ExampleToolbarAndStatusBar.csproj", "{EB8F4103-DACE-474C-9DF8-6046411345A6}"
EndProject
Project("{FAE04EC0-301F-11D3-BF4B-00C04F79EFBC}") = "AlwaysComponent", "AlwaysComponent\AlwaysComponent.csproj", "{42B258BD-34B4-4149-899C-508DFD0B561E}"
EndProject
Global
	GlobalSection(SolutionConfigurationPlatforms) = preSolution
		Debug|Any CPU = Debug|Any CPU
		Release|Any CPU = Release|Any CPU
	EndGlobalSection
	GlobalSection(ProjectConfigurationPlatforms) = postSolution
		{EB7D1188-FE5B-4E02-8E75-226A47A92471}.Debug|Any CPU.ActiveCfg = Debug|Any CPU
		{EB7D1188-FE5B-4E02-8E75-226A47A92471}.Debug|Any CPU.Build.0 = Debug|Any CPU
		{EB7D1188-FE5B-4E02-8E75-226A47A92471}.Release|Any CPU.ActiveCfg = Release|Any CPU
		{EB7D1188-FE5B-4E02-8E75-226A47A92471}.Release|Any CPU.Build.0 = Release|Any CPU
		{437511EE-EFA7-4CE5-B415-3B408F38E041}.Debug|Any CPU.ActiveCfg = Debug|Any CPU
		{437511EE-EFA7-4CE5-B415-3B408F38E041}.Debug|Any CPU.Build.0 = Debug|Any CPU
		{437511EE-EFA7-4CE5-B415-3B408F38E041}.Release|Any CPU.ActiveCfg = Release|Any CPU
		{437511EE-EFA7-4CE5-B415-3B408F38E041}.Release|Any CPU.Build.0 = Release|Any CPU
		{EB8F4103-DACE-474C-9DF8-6046411345A6}.Debug|Any CPU.ActiveCfg = Debug|Any CPU
		{EB8F4103-DACE-474C-9DF8-6046411345A6}.Debug|Any CPU.Build.0 = Debug|Any CPU
		{EB8F4103-DACE-474C-9DF8-6046411345A6}.Release|Any CPU.ActiveCfg = Release|Any CPU
		{EB8F4103-DACE-474C-9DF8-6046411345A6}.Release|Any CPU.Build.0 = Release|Any CPU
		{42B258BD-34B4-4149-899C-508DFD0B561E}.Debug|Any CPU.ActiveCfg = Debug|Any CPU
		{42B258BD-34B4-4149-899C-508DFD0B561E}.Debug|Any CPU.Build.0 = Debug|Any CPU
		{42B258BD-34B4-4149-899C-508DFD0B561E}.Release|Any CPU.ActiveCfg = Release|Any CPU
		{42B258BD-34B4-4149-899C-508DFD0B561E}.Release|Any CPU.Build.0 = Release|Any CPU
	EndGlobalSection
	GlobalSection(SolutionProperties) = preSolution
		HideSolutionNode = FALSE
	EndGlobalSection
	GlobalSection(ExtensibilityGlobals) = postSolution
		SolutionGuid = {D3AD98DA-86B1-4BD2-A5AC-41B67B42AE9E}
	EndGlobalSection
EndGlobal
