
Microsoft Visual Studio Solution File, Format Version 12.00
# Visual Studio 15
VisualStudioVersion = 15.0.27130.2036
MinimumVisualStudioVersion = 10.0.40219.1
Project("{FAE04EC0-301F-11D3-BF4B-00C04F79EFBC}") = "SumApp", "SumApp\SumApp.csproj", "{76C24999-F6C1-4786-8AE0-E6C6E28F2090}"
EndProject
Project("{FAE04EC0-301F-11D3-BF4B-00C04F79EFBC}") = "MyCountryApp", "MyCountryApp\MyCountryApp.csproj", "{DDBEFC1B-CCD2-4824-8E26-B89B999DB4D9}"
EndProject
Project("{FAE04EC0-301F-11D3-BF4B-00C04F79EFBC}") = "MDIFORM", "MDIFORM\MDIFORM.csproj", "{3BAD0082-FBAF-4602-86F7-5A3DC8EDF9DA}"
EndProject
Project("{FAE04EC0-301F-11D3-BF4B-00C04F79EFBC}") = "FormInCSharpWinform", "FormInCSharpWinform\FormInCSharpWinform.csproj", "{4F4A6929-EE45-4861-A7FB-D28355DB7896}"
EndProject
Project("{FAE04EC0-301F-11D3-BF4B-00C04F79EFBC}") = "ControlForm", "ControlForm\ControlForm.csproj", "{0AEF21AD-5C65-455A-9F0F-8D47C96E82AA}"
EndProject
Global
	GlobalSection(SolutionConfigurationPlatforms) = preSolution
		Debug|Any CPU = Debug|Any CPU
		Release|Any CPU = Release|Any CPU
	EndGlobalSection
	GlobalSection(ProjectConfigurationPlatforms) = postSolution
		{76C24999-F6C1-4786-8AE0-E6C6E28F2090}.Debug|Any CPU.ActiveCfg = Debug|Any CPU
		{76C24999-F6C1-4786-8AE0-E6C6E28F2090}.Debug|Any CPU.Build.0 = Debug|Any CPU
		{76C24999-F6C1-4786-8AE0-E6C6E28F2090}.Release|Any CPU.ActiveCfg = Release|Any CPU
		{76C24999-F6C1-4786-8AE0-E6C6E28F2090}.Release|Any CPU.Build.0 = Release|Any CPU
		{DDBEFC1B-CCD2-4824-8E26-B89B999DB4D9}.Debug|Any CPU.ActiveCfg = Debug|Any CPU
		{DDBEFC1B-CCD2-4824-8E26-B89B999DB4D9}.Debug|Any CPU.Build.0 = Debug|Any CPU
		{DDBEFC1B-CCD2-4824-8E26-B89B999DB4D9}.Release|Any CPU.ActiveCfg = Release|Any CPU
		{DDBEFC1B-CCD2-4824-8E26-B89B999DB4D9}.Release|Any CPU.Build.0 = Release|Any CPU
		{3BAD0082-FBAF-4602-86F7-5A3DC8EDF9DA}.Debug|Any CPU.ActiveCfg = Debug|Any CPU
		{3BAD0082-FBAF-4602-86F7-5A3DC8EDF9DA}.Debug|Any CPU.Build.0 = Debug|Any CPU
		{3BAD0082-FBAF-4602-86F7-5A3DC8EDF9DA}.Release|Any CPU.ActiveCfg = Release|Any CPU
		{3BAD0082-FBAF-4602-86F7-5A3DC8EDF9DA}.Release|Any CPU.Build.0 = Release|Any CPU
		{4F4A6929-EE45-4861-A7FB-D28355DB7896}.Debug|Any CPU.ActiveCfg = Debug|Any CPU
		{4F4A6929-EE45-4861-A7FB-D28355DB7896}.Debug|Any CPU.Build.0 = Debug|Any CPU
		{4F4A6929-EE45-4861-A7FB-D28355DB7896}.Release|Any CPU.ActiveCfg = Release|Any CPU
		{4F4A6929-EE45-4861-A7FB-D28355DB7896}.Release|Any CPU.Build.0 = Release|Any CPU
		{0AEF21AD-5C65-455A-9F0F-8D47C96E82AA}.Debug|Any CPU.ActiveCfg = Debug|Any CPU
		{0AEF21AD-5C65-455A-9F0F-8D47C96E82AA}.Debug|Any CPU.Build.0 = Debug|Any CPU
		{0AEF21AD-5C65-455A-9F0F-8D47C96E82AA}.Release|Any CPU.ActiveCfg = Release|Any CPU
		{0AEF21AD-5C65-455A-9F0F-8D47C96E82AA}.Release|Any CPU.Build.0 = Release|Any CPU
	EndGlobalSection
	GlobalSection(SolutionProperties) = preSolution
		HideSolutionNode = FALSE
	EndGlobalSection
	GlobalSection(ExtensibilityGlobals) = postSolution
		SolutionGuid = {F2C00320-F00D-4566-88D3-917F065B0EB0}
	EndGlobalSection
EndGlobal
