
Microsoft Visual Studio Solution File, Format Version 12.00
# Visual Studio 15
VisualStudioVersion = 15.0.27130.2027
MinimumVisualStudioVersion = 10.0.40219.1
Project("{FAE04EC0-301F-11D3-BF4B-00C04F79EFBC}") = "FindSumOf10NaturalNumbers", "FindSumOf10NaturalNumbers\FindSumOf10NaturalNumbers.csproj", "{1BA91C19-98D8-4170-B769-55C4E761ADDD}"
EndProject
Project("{FAE04EC0-301F-11D3-BF4B-00C04F79EFBC}") = "FindCubeForIntergerNumber", "FindCubeForIntergerNumber\FindCubeForIntergerNumber.csproj", "{94EC96A1-24A9-4E84-B20C-05DA999D6E1C}"
EndProject
Project("{FAE04EC0-301F-11D3-BF4B-00C04F79EFBC}") = "SumOfNOddNaturalNumbers", "SumOfNOddNaturalNumbers\SumOfNOddNaturalNumbers.csproj", "{AB84DF89-2193-41C8-AB83-0CCE778F6745}"
EndProject
Project("{FAE04EC0-301F-11D3-BF4B-00C04F79EFBC}") = "RightAngleTriagleNumberPattern", "RightAngleTriagleNumberPattern\RightAngleTriagleNumberPattern.csproj", "{883F516C-2C85-43C6-B421-F799381A338D}"
EndProject
Project("{FAE04EC0-301F-11D3-BF4B-00C04F79EFBC}") = "CalculateSumOfSquareNaturalNumbers", "CalculateSumOfSquareNaturalNumbers\CalculateSumOfSquareNaturalNumbers.csproj", "{ACDEDA3C-D36D-4C0E-850B-AFA7052115ED}"
EndProject
Project("{FAE04EC0-301F-11D3-BF4B-00C04F79EFBC}") = "FindSumOfAllElementsOfArray", "FindSumOfAllElementsOfArray\FindSumOfAllElementsOfArray.csproj", "{7C4C3EA0-F3D4-4AB8-9A43-42E3C06D52B9}"
EndProject
Project("{FAE04EC0-301F-11D3-BF4B-00C04F79EFBC}") = "CountNumberDulicateElementsInArray", "CountNumberDulicateElementsInArray\CountNumberDulicateElementsInArray.csproj", "{DAA7FE37-91A9-4C8A-AF36-F9C8EF26672A}"
EndProject
Project("{FAE04EC0-301F-11D3-BF4B-00C04F79EFBC}") = "FindLengthAString", "FindLengthAString\FindLengthAString.csproj", "{660A37EF-6955-42FB-82E6-C130D720E154}"
EndProject
Project("{FAE04EC0-301F-11D3-BF4B-00C04F79EFBC}") = "SeparateIndividualCharactersAString", "SeparateIndividualCharactersAString\SeparateIndividualCharactersAString.csproj", "{564D2D7E-1733-4A6E-974D-32D63F77EA12}"
EndProject
Project("{FAE04EC0-301F-11D3-BF4B-00C04F79EFBC}") = "CountTotalNumberOfWordsInAString", "CountTotalNumberOfWordsInAString\CountTotalNumberOfWordsInAString.csproj", "{CA8310B7-59DD-45C0-B2A0-EFD293BFEFDA}"
EndProject
Global
	GlobalSection(SolutionConfigurationPlatforms) = preSolution
		Debug|Any CPU = Debug|Any CPU
		Release|Any CPU = Release|Any CPU
	EndGlobalSection
	GlobalSection(ProjectConfigurationPlatforms) = postSolution
		{1BA91C19-98D8-4170-B769-55C4E761ADDD}.Debug|Any CPU.ActiveCfg = Debug|Any CPU
		{1BA91C19-98D8-4170-B769-55C4E761ADDD}.Debug|Any CPU.Build.0 = Debug|Any CPU
		{1BA91C19-98D8-4170-B769-55C4E761ADDD}.Release|Any CPU.ActiveCfg = Release|Any CPU
		{1BA91C19-98D8-4170-B769-55C4E761ADDD}.Release|Any CPU.Build.0 = Release|Any CPU
		{94EC96A1-24A9-4E84-B20C-05DA999D6E1C}.Debug|Any CPU.ActiveCfg = Debug|Any CPU
		{94EC96A1-24A9-4E84-B20C-05DA999D6E1C}.Debug|Any CPU.Build.0 = Debug|Any CPU
		{94EC96A1-24A9-4E84-B20C-05DA999D6E1C}.Release|Any CPU.ActiveCfg = Release|Any CPU
		{94EC96A1-24A9-4E84-B20C-05DA999D6E1C}.Release|Any CPU.Build.0 = Release|Any CPU
		{AB84DF89-2193-41C8-AB83-0CCE778F6745}.Debug|Any CPU.ActiveCfg = Debug|Any CPU
		{AB84DF89-2193-41C8-AB83-0CCE778F6745}.Debug|Any CPU.Build.0 = Debug|Any CPU
		{AB84DF89-2193-41C8-AB83-0CCE778F6745}.Release|Any CPU.ActiveCfg = Release|Any CPU
		{AB84DF89-2193-41C8-AB83-0CCE778F6745}.Release|Any CPU.Build.0 = Release|Any CPU
		{883F516C-2C85-43C6-B421-F799381A338D}.Debug|Any CPU.ActiveCfg = Debug|Any CPU
		{883F516C-2C85-43C6-B421-F799381A338D}.Debug|Any CPU.Build.0 = Debug|Any CPU
		{883F516C-2C85-43C6-B421-F799381A338D}.Release|Any CPU.ActiveCfg = Release|Any CPU
		{883F516C-2C85-43C6-B421-F799381A338D}.Release|Any CPU.Build.0 = Release|Any CPU
		{ACDEDA3C-D36D-4C0E-850B-AFA7052115ED}.Debug|Any CPU.ActiveCfg = Debug|Any CPU
		{ACDEDA3C-D36D-4C0E-850B-AFA7052115ED}.Debug|Any CPU.Build.0 = Debug|Any CPU
		{ACDEDA3C-D36D-4C0E-850B-AFA7052115ED}.Release|Any CPU.ActiveCfg = Release|Any CPU
		{ACDEDA3C-D36D-4C0E-850B-AFA7052115ED}.Release|Any CPU.Build.0 = Release|Any CPU
		{7C4C3EA0-F3D4-4AB8-9A43-42E3C06D52B9}.Debug|Any CPU.ActiveCfg = Debug|Any CPU
		{7C4C3EA0-F3D4-4AB8-9A43-42E3C06D52B9}.Debug|Any CPU.Build.0 = Debug|Any CPU
		{7C4C3EA0-F3D4-4AB8-9A43-42E3C06D52B9}.Release|Any CPU.ActiveCfg = Release|Any CPU
		{7C4C3EA0-F3D4-4AB8-9A43-42E3C06D52B9}.Release|Any CPU.Build.0 = Release|Any CPU
		{DAA7FE37-91A9-4C8A-AF36-F9C8EF26672A}.Debug|Any CPU.ActiveCfg = Debug|Any CPU
		{DAA7FE37-91A9-4C8A-AF36-F9C8EF26672A}.Debug|Any CPU.Build.0 = Debug|Any CPU
		{DAA7FE37-91A9-4C8A-AF36-F9C8EF26672A}.Release|Any CPU.ActiveCfg = Release|Any CPU
		{DAA7FE37-91A9-4C8A-AF36-F9C8EF26672A}.Release|Any CPU.Build.0 = Release|Any CPU
		{660A37EF-6955-42FB-82E6-C130D720E154}.Debug|Any CPU.ActiveCfg = Debug|Any CPU
		{660A37EF-6955-42FB-82E6-C130D720E154}.Debug|Any CPU.Build.0 = Debug|Any CPU
		{660A37EF-6955-42FB-82E6-C130D720E154}.Release|Any CPU.ActiveCfg = Release|Any CPU
		{660A37EF-6955-42FB-82E6-C130D720E154}.Release|Any CPU.Build.0 = Release|Any CPU
		{564D2D7E-1733-4A6E-974D-32D63F77EA12}.Debug|Any CPU.ActiveCfg = Debug|Any CPU
		{564D2D7E-1733-4A6E-974D-32D63F77EA12}.Debug|Any CPU.Build.0 = Debug|Any CPU
		{564D2D7E-1733-4A6E-974D-32D63F77EA12}.Release|Any CPU.ActiveCfg = Release|Any CPU
		{564D2D7E-1733-4A6E-974D-32D63F77EA12}.Release|Any CPU.Build.0 = Release|Any CPU
		{CA8310B7-59DD-45C0-B2A0-EFD293BFEFDA}.Debug|Any CPU.ActiveCfg = Debug|Any CPU
		{CA8310B7-59DD-45C0-B2A0-EFD293BFEFDA}.Debug|Any CPU.Build.0 = Debug|Any CPU
		{CA8310B7-59DD-45C0-B2A0-EFD293BFEFDA}.Release|Any CPU.ActiveCfg = Release|Any CPU
		{CA8310B7-59DD-45C0-B2A0-EFD293BFEFDA}.Release|Any CPU.Build.0 = Release|Any CPU
	EndGlobalSection
	GlobalSection(SolutionProperties) = preSolution
		HideSolutionNode = FALSE
	EndGlobalSection
	GlobalSection(ExtensibilityGlobals) = postSolution
		SolutionGuid = {8EBD7511-55D8-400E-ABDB-A287F1FA530C}
	EndGlobalSection
EndGlobal
