
Microsoft Visual Studio Solution File, Format Version 12.00
# Visual Studio 15
VisualStudioVersion = 15.0.27004.2005
MinimumVisualStudioVersion = 10.0.40219.1
Project("{FAE04EC0-301F-11D3-BF4B-00C04F79EFBC}") = "Assigment1a", "Assigment1a\Assigment1a.csproj", "{C5B6975F-92F6-4AF8-96F8-807499830F67}"
EndProject
Global
	GlobalSection(SolutionConfigurationPlatforms) = preSolution
		Debug|Any CPU = Debug|Any CPU
		Release|Any CPU = Release|Any CPU
	EndGlobalSection
	GlobalSection(ProjectConfigurationPlatforms) = postSolution
		{C5B6975F-92F6-4AF8-96F8-807499830F67}.Debug|Any CPU.ActiveCfg = Debug|Any CPU
		{C5B6975F-92F6-4AF8-96F8-807499830F67}.Debug|Any CPU.Build.0 = Debug|Any CPU
		{C5B6975F-92F6-4AF8-96F8-807499830F67}.Release|Any CPU.ActiveCfg = Release|Any CPU
		{C5B6975F-92F6-4AF8-96F8-807499830F67}.Release|Any CPU.Build.0 = Release|Any CPU
	EndGlobalSection
	GlobalSection(SolutionProperties) = preSolution
		HideSolutionNode = FALSE
	EndGlobalSection
	GlobalSection(ExtensibilityGlobals) = postSolution
		SolutionGuid = {1D20B7ED-E7FE-4A6D-8C4A-00624A8765B8}
	EndGlobalSection
EndGlobal
