
Microsoft Visual Studio Solution File, Format Version 12.00
# Visual Studio 15
VisualStudioVersion = 15.0.26730.12
MinimumVisualStudioVersion = 10.0.40219.1
Project("{FAE04EC0-301F-11D3-BF4B-00C04F79EFBC}") = "Hellowolrd", "Hellowolrd\Hellowolrd.csproj", "{50177B14-1461-4025-B950-5AE880D8929B}"
EndProject
Project("{FAE04EC0-301F-11D3-BF4B-00C04F79EFBC}") = "WindowsFormsApp1", "WindowsFormsApp1\WindowsFormsApp1.csproj", "{6E902B99-150C-410A-A3DF-44F3E48425D0}"
EndProject
Project("{FAE04EC0-301F-11D3-BF4B-00C04F79EFBC}") = "WpfApp1", "WpfApp1\WpfApp1.csproj", "{A8D37BF5-B5E6-4B71-82A0-A71E35F217B5}"
EndProject
Project("{FAE04EC0-301F-11D3-BF4B-00C04F79EFBC}") = "WebApplication1", "WebApplication1\WebApplication1.csproj", "{1BD2FA02-99EC-4696-8CD7-E2A6FFBA57E2}"
EndProject
Global
	GlobalSection(SolutionConfigurationPlatforms) = preSolution
		Debug|Any CPU = Debug|Any CPU
		Release|Any CPU = Release|Any CPU
	EndGlobalSection
	GlobalSection(ProjectConfigurationPlatforms) = postSolution
		{50177B14-1461-4025-B950-5AE880D8929B}.Debug|Any CPU.ActiveCfg = Debug|Any CPU
		{50177B14-1461-4025-B950-5AE880D8929B}.Debug|Any CPU.Build.0 = Debug|Any CPU
		{50177B14-1461-4025-B950-5AE880D8929B}.Release|Any CPU.ActiveCfg = Release|Any CPU
		{50177B14-1461-4025-B950-5AE880D8929B}.Release|Any CPU.Build.0 = Release|Any CPU
		{6E902B99-150C-410A-A3DF-44F3E48425D0}.Debug|Any CPU.ActiveCfg = Debug|Any CPU
		{6E902B99-150C-410A-A3DF-44F3E48425D0}.Debug|Any CPU.Build.0 = Debug|Any CPU
		{6E902B99-150C-410A-A3DF-44F3E48425D0}.Release|Any CPU.ActiveCfg = Release|Any CPU
		{6E902B99-150C-410A-A3DF-44F3E48425D0}.Release|Any CPU.Build.0 = Release|Any CPU
		{A8D37BF5-B5E6-4B71-82A0-A71E35F217B5}.Debug|Any CPU.ActiveCfg = Debug|Any CPU
		{A8D37BF5-B5E6-4B71-82A0-A71E35F217B5}.Debug|Any CPU.Build.0 = Debug|Any CPU
		{A8D37BF5-B5E6-4B71-82A0-A71E35F217B5}.Release|Any CPU.ActiveCfg = Release|Any CPU
		{A8D37BF5-B5E6-4B71-82A0-A71E35F217B5}.Release|Any CPU.Build.0 = Release|Any CPU
		{1BD2FA02-99EC-4696-8CD7-E2A6FFBA57E2}.Debug|Any CPU.ActiveCfg = Debug|Any CPU
		{1BD2FA02-99EC-4696-8CD7-E2A6FFBA57E2}.Debug|Any CPU.Build.0 = Debug|Any CPU
		{1BD2FA02-99EC-4696-8CD7-E2A6FFBA57E2}.Release|Any CPU.ActiveCfg = Release|Any CPU
		{1BD2FA02-99EC-4696-8CD7-E2A6FFBA57E2}.Release|Any CPU.Build.0 = Release|Any CPU
	EndGlobalSection
	GlobalSection(SolutionProperties) = preSolution
		HideSolutionNode = FALSE
	EndGlobalSection
	GlobalSection(ExtensibilityGlobals) = postSolution
		SolutionGuid = {B50AD2ED-CF1C-4C35-855A-C4B46EA29050}
	EndGlobalSection
EndGlobal
