
Microsoft Visual Studio Solution File, Format Version 12.00
# Visual Studio 15
VisualStudioVersion = 15.0.27004.2005
MinimumVisualStudioVersion = 10.0.40219.1
Project("{FAE04EC0-301F-11D3-BF4B-00C04F79EFBC}") = "Multiples of 3 and 5", "Multiples of 3 and 5\Multiples of 3 and 5.csproj", "{02D3B1CB-BCC3-409E-8FE5-5BD36BBF7780}"
EndProject
Global
	GlobalSection(SolutionConfigurationPlatforms) = preSolution
		Debug|Any CPU = Debug|Any CPU
		Release|Any CPU = Release|Any CPU
	EndGlobalSection
	GlobalSection(ProjectConfigurationPlatforms) = postSolution
		{02D3B1CB-BCC3-409E-8FE5-5BD36BBF7780}.Debug|Any CPU.ActiveCfg = Debug|Any CPU
		{02D3B1CB-BCC3-409E-8FE5-5BD36BBF7780}.Debug|Any CPU.Build.0 = Debug|Any CPU
		{02D3B1CB-BCC3-409E-8FE5-5BD36BBF7780}.Release|Any CPU.ActiveCfg = Release|Any CPU
		{02D3B1CB-BCC3-409E-8FE5-5BD36BBF7780}.Release|Any CPU.Build.0 = Release|Any CPU
	EndGlobalSection
	GlobalSection(SolutionProperties) = preSolution
		HideSolutionNode = FALSE
	EndGlobalSection
	GlobalSection(ExtensibilityGlobals) = postSolution
		SolutionGuid = {D33D7FB4-01C5-46E2-9DF9-1EB306196C6D}
	EndGlobalSection
EndGlobal
