
Microsoft Visual Studio Solution File, Format Version 12.00
# Visual Studio 15
VisualStudioVersion = 15.0.27004.2005
MinimumVisualStudioVersion = 10.0.40219.1
Project("{FAE04EC0-301F-11D3-BF4B-00C04F79EFBC}") = "Assigment1b", "Assigment1b\Assigment1b.csproj", "{6120CEC6-79FC-435C-A606-6BD5CB7A16FB}"
EndProject
Global
	GlobalSection(SolutionConfigurationPlatforms) = preSolution
		Debug|Any CPU = Debug|Any CPU
		Release|Any CPU = Release|Any CPU
	EndGlobalSection
	GlobalSection(ProjectConfigurationPlatforms) = postSolution
		{6120CEC6-79FC-435C-A606-6BD5CB7A16FB}.Debug|Any CPU.ActiveCfg = Debug|Any CPU
		{6120CEC6-79FC-435C-A606-6BD5CB7A16FB}.Debug|Any CPU.Build.0 = Debug|Any CPU
		{6120CEC6-79FC-435C-A606-6BD5CB7A16FB}.Release|Any CPU.ActiveCfg = Release|Any CPU
		{6120CEC6-79FC-435C-A606-6BD5CB7A16FB}.Release|Any CPU.Build.0 = Release|Any CPU
	EndGlobalSection
	GlobalSection(SolutionProperties) = preSolution
		HideSolutionNode = FALSE
	EndGlobalSection
	GlobalSection(ExtensibilityGlobals) = postSolution
		SolutionGuid = {7D7140D5-72FB-4FD9-AFA9-81677E269ACA}
	EndGlobalSection
EndGlobal
