
Microsoft Visual Studio Solution File, Format Version 12.00
# Visual Studio 15
VisualStudioVersion = 15.0.27428.2037
MinimumVisualStudioVersion = 10.0.40219.1
Project("{FAE04EC0-301F-11D3-BF4B-00C04F79EFBC}") = "BookSales", "BookSales\BookSales.csproj", "{3C9F7224-3676-4720-B070-504B2AC55616}"
EndProject
Global
	GlobalSection(SolutionConfigurationPlatforms) = preSolution
		Debug|Any CPU = Debug|Any CPU
		Release|Any CPU = Release|Any CPU
	EndGlobalSection
	GlobalSection(ProjectConfigurationPlatforms) = postSolution
		{3C9F7224-3676-4720-B070-504B2AC55616}.Debug|Any CPU.ActiveCfg = Debug|Any CPU
		{3C9F7224-3676-4720-B070-504B2AC55616}.Debug|Any CPU.Build.0 = Debug|Any CPU
		{3C9F7224-3676-4720-B070-504B2AC55616}.Release|Any CPU.ActiveCfg = Release|Any CPU
		{3C9F7224-3676-4720-B070-504B2AC55616}.Release|Any CPU.Build.0 = Release|Any CPU
	EndGlobalSection
	GlobalSection(SolutionProperties) = preSolution
		HideSolutionNode = FALSE
	EndGlobalSection
	GlobalSection(ExtensibilityGlobals) = postSolution
		SolutionGuid = {466B3472-8847-40D9-AE3F-0E910CCFCB08}
	EndGlobalSection
EndGlobal
