
Microsoft Visual Studio Solution File, Format Version 12.00
# Visual Studio 15
VisualStudioVersion = 15.0.27130.2036
MinimumVisualStudioVersion = 10.0.40219.1
Project("{FAE04EC0-301F-11D3-BF4B-00C04F79EFBC}") = "PracticeBasic", "PracticeBasic\PracticeBasic.csproj", "{BE71B8D7-BB12-4C11-A3D4-4F8B84097E5F}"
EndProject
Project("{FAE04EC0-301F-11D3-BF4B-00C04F79EFBC}") = "OOP1", "OOP1\OOP1.csproj", "{DB4EBBA9-2F53-4730-A0F8-B9614A4C594D}"
EndProject
Global
	GlobalSection(SolutionConfigurationPlatforms) = preSolution
		Debug|Any CPU = Debug|Any CPU
		Release|Any CPU = Release|Any CPU
	EndGlobalSection
	GlobalSection(ProjectConfigurationPlatforms) = postSolution
		{BE71B8D7-BB12-4C11-A3D4-4F8B84097E5F}.Debug|Any CPU.ActiveCfg = Debug|Any CPU
		{BE71B8D7-BB12-4C11-A3D4-4F8B84097E5F}.Debug|Any CPU.Build.0 = Debug|Any CPU
		{BE71B8D7-BB12-4C11-A3D4-4F8B84097E5F}.Release|Any CPU.ActiveCfg = Release|Any CPU
		{BE71B8D7-BB12-4C11-A3D4-4F8B84097E5F}.Release|Any CPU.Build.0 = Release|Any CPU
		{DB4EBBA9-2F53-4730-A0F8-B9614A4C594D}.Debug|Any CPU.ActiveCfg = Debug|Any CPU
		{DB4EBBA9-2F53-4730-A0F8-B9614A4C594D}.Debug|Any CPU.Build.0 = Debug|Any CPU
		{DB4EBBA9-2F53-4730-A0F8-B9614A4C594D}.Release|Any CPU.ActiveCfg = Release|Any CPU
		{DB4EBBA9-2F53-4730-A0F8-B9614A4C594D}.Release|Any CPU.Build.0 = Release|Any CPU
	EndGlobalSection
	GlobalSection(SolutionProperties) = preSolution
		HideSolutionNode = FALSE
	EndGlobalSection
	GlobalSection(ExtensibilityGlobals) = postSolution
		SolutionGuid = {06AE7E76-4B01-4DB2-90A3-DF3E022DAFD8}
	EndGlobalSection
EndGlobal
